// !$*UTF8*$!
{
	archiveVersion = 1;
	classes = {
	};
	objectVersion = 50;
	objects = {

/* Begin PBXBuildFile section */
		17B521F620E53B3F00968855 /* AppDelegate.swift in Sources */ = {isa = PBXBuildFile; fileRef = 17B521F520E53B3F00968855 /* AppDelegate.swift */; };
		17B521F820E53B3F00968855 /* ViewController.swift in Sources */ = {isa = PBXBuildFile; fileRef = 17B521F720E53B3F00968855 /* ViewController.swift */; };
		17B521FB20E53B3F00968855 /* Main.storyboard in Resources */ = {isa = PBXBuildFile; fileRef = 17B521F920E53B3F00968855 /* Main.storyboard */; };
		17B521FD20E53B4100968855 /* Assets.xcassets in Resources */ = {isa = PBXBuildFile; fileRef = 17B521FC20E53B4100968855 /* Assets.xcassets */; };
		17B5220020E53B4100968855 /* LaunchScreen.storyboard in Resources */ = {isa = PBXBuildFile; fileRef = 17B521FE20E53B4100968855 /* LaunchScreen.storyboard */; };
		17B5220920E5417600968855 /* Galada-Regular.ttf in Resources */ = {isa = PBXBuildFile; fileRef = 17B5220820E5417500968855 /* Galada-Regular.ttf */; };
/* End PBXBuildFile section */

/* Begin PBXFileReference section */
		17B521F220E53B3F00968855 /* foodmatch.app */ = {isa = PBXFileReference; explicitFileType = wrapper.application; includeInIndex = 0; path = foodmatch.app; sourceTree = BUILT_PRODUCTS_DIR; };
		17B521F520E53B3F00968855 /* AppDelegate.swift */ = {isa = PBXFileReference; lastKnownFileType = sourcecode.swift; path = AppDelegate.swift; sourceTree = "<group>"; };
		17B521F720E53B3F00968855 /* ViewController.swift */ = {isa = PBXFileReference; lastKnownFileType = sourcecode.swift; path = ViewController.swift; sourceTree = "<group>"; };
		17B521FA20E53B3F00968855 /* Base */ = {isa = PBXFileReference; lastKnownFileType = file.storyboard; name = Base; path = Base.lproj/Main.storyboard; sourceTree = "<group>"; };
		17B521FC20E53B4100968855 /* Assets.xcassets */ = {isa = PBXFileReference; lastKnownFileType = folder.assetcatalog; path = Assets.xcassets; sourceTree = "<group>"; };
		17B521FF20E53B4100968855 /* Base */ = {isa = PBXFileReference; lastKnownFileType = file.storyboard; name = Base; path = Base.lproj/LaunchScreen.storyboard; sourceTree = "<group>"; };
		17B5220120E53B4100968855 /* Info.plist */ = {isa = PBXFileReference; lastKnownFileType = text.plist.xml; path = Info.plist; sourceTree = "<group>"; };
		17B5220820E5417500968855 /* Galada-Regular.ttf */ = {isa = PBXFileReference; lastKnownFileType = file; path = "Galada-Regular.ttf"; sourceTree = "<group>"; };
/* End PBXFileReference section */

/* Begin PBXFrameworksBuildPhase section */
		17B521EF20E53B3F00968855 /* Frameworks */ = {
			isa = PBXFrameworksBuildPhase;
			buildActionMask = 2147483647;
			files = (
			);
			runOnlyForDeploymentPostprocessing = 0;
		};
/* End PBXFrameworksBuildPhase section */

/* Begin PBXGroup section */
		17B521E920E53B3F00968855 = {
			isa = PBXGroup;
			children = (
				17B521F420E53B3F00968855 /* foodmatch */,
				17B5220720E5415500968855 /* font */,
				17B521F320E53B3F00968855 /* Products */,
			);
			sourceTree = "<group>";
		};
		17B521F320E53B3F00968855 /* Products */ = {
			isa = PBXGroup;
			children = (
				17B521F220E53B3F00968855 /* foodmatch.app */,
			);
			name = Products;
			sourceTree = "<group>";
		};
		17B521F420E53B3F00968855 /* foodmatch */ = {
			isa = PBXGroup;
			children = (
				17B521F520E53B3F00968855 /* AppDelegate.swift */,
				17B521F720E53B3F00968855 /* ViewController.swift */,
				17B521F920E53B3F00968855 /* Main.storyboard */,
				17B521FC20E53B4100968855 /* Assets.xcassets */,
				17B521FE20E53B4100968855 /* LaunchScreen.storyboard */,
				17B5220120E53B4100968855 /* Info.plist */,
			);
			path = foodmatch;
			sourceTree = "<group>";
		};
		17B5220720E5415500968855 /* font */ = {
			isa = PBXGroup;
			children = (
				17B5220820E5417500968855 /* Galada-Regular.ttf */,
			);
			path = font;
			sourceTree = "<group>";
		};
/* End PBXGroup section */

/* Begin PBXNativeTarget section */
		17B521F120E53B3F00968855 /* foodmatch */ = {
			isa = PBXNativeTarget;
			buildConfigurationList = 17B5220420E53B4100968855 /* Build configuration list for PBXNativeTarget "foodmatch" */;
			buildPhases = (
				17B521EE20E53B3F00968855 /* Sources */,
				17B521EF20E53B3F00968855 /* Frameworks */,
				17B521F020E53B3F00968855 /* Resources */,
			);
			buildRules = (
			);
			dependencies = (
			);
			name = foodmatch;
			productName = foodmatch;
			productReference = 17B521F220E53B3F00968855 /* foodmatch.app */;
			productType = "com.apple.product-type.application";
		};
/* End PBXNativeTarget section */

/* Begin PBXProject section */
		17B521EA20E53B3F00968855 /* Project object */ = {
			isa = PBXProject;
			attributes = {
				LastSwiftUpdateCheck = 0940;
				LastUpgradeCheck = 0940;
				ORGANIZATIONNAME = com.Florian;
				TargetAttributes = {
					17B521F120E53B3F00968855 = {
						CreatedOnToolsVersion = 9.4.1;
					};
				};
			};
			buildConfigurationList = 17B521ED20E53B3F00968855 /* Build configuration list for PBXProject "foodmatch" */;
			compatibilityVersion = "Xcode 9.3";
			developmentRegion = en;
			hasScannedForEncodings = 0;
			knownRegions = (
				en,
				Base,
			);
			mainGroup = 17B521E920E53B3F00968855;
			productRefGroup = 17B521F320E53B3F00968855 /* Products */;
			projectDirPath = "";
			projectRoot = "";
			targets = (
				17B521F120E53B3F00968855 /* foodmatch */,
			);
		};
/* End PBXProject section */

/* Begin PBXResourcesBuildPhase section */
		17B521F020E53B3F00968855 /* Resources */ = {
			isa = PBXResourcesBuildPhase;
			buildActionMask = 2147483647;
			files = (
				17B5220020E53B4100968855 /* LaunchScreen.storyboard in Resources */,
				17B521FD20E53B4100968855 /* Assets.xcassets in Resources */,
				17B521FB20E53B3F00968855 /* Main.storyboard in Resources */,
				17B5220920E5417600968855 /* Galada-Regular.ttf in Resources */,
			);
			runOnlyForDeploymentPostprocessing = 0;
		};
/* End PBXResourcesBuildPhase section */

/* Begin PBXSourcesBuildPhase section */
		17B521EE20E53B3F00968855 /* Sources */ = {
			isa = PBXSourcesBuildPhase;
			buildActionMask = 2147483647;
			files = (
				17B521F820E53B3F00968855 /* ViewController.swift in Sources */,
				17B521F620E53B3F00968855 /* AppDelegate.swift in Sources */,
			);
			runOnlyForDeploymentPostprocessing = 0;
		};
/* End PBXSourcesBuildPhase section */

/* Begin PBXVariantGroup section */
		17B521F920E53B3F00968855 /* Main.storyboard */ = {
			isa = PBXVariantGroup;
			children = (
				17B521FA20E53B3F00968855 /* Base */,
			);
			name = Main.storyboard;
			sourceTree = "<group>";
		};
		17B521FE20E53B4100968855 /* LaunchScreen.storyboard */ = {
			isa = PBXVariantGroup;
			children = (
				17B521FF20E53B4100968855 /* Base */,
			);
			name = LaunchScreen.storyboard;
			sourceTree = "<group>";
		};
/* End PBXVariantGroup section */

/* Begin XCBuildConfiguration section */
		17B5220220E53B4100968855 /* Debug */ = {
			isa = XCBuildConfiguration;
			buildSettings = {
				ALWAYS_SEARCH_USER_PATHS = NO;
				CLANG_ANALYZER_NONNULL = YES;
				CLANG_ANALYZER_NUMBER_OBJECT_CONVERSION = YES_AGGRESSIVE;
				CLANG_CXX_LANGUAGE_STANDARD = "gnu++14";
				CLANG_CXX_LIBRARY = "libc++";
				CLANG_ENABLE_MODULES = YES;
				CLANG_ENABLE_OBJC_ARC = YES;
				CLANG_ENABLE_OBJC_WEAK = YES;
				CLANG_WARN_BLOCK_CAPTURE_AUTORELEASING = YES;
				CLANG_WARN_BOOL_CONVERSION = YES;
				CLANG_WARN_COMMA = YES;
				CLANG_WARN_CONSTANT_CONVERSION = YES;
				CLANG_WARN_DEPRECATED_OBJC_IMPLEMENTATIONS = YES;
				CLANG_WARN_DIRECT_OBJC_ISA_USAGE = YES_ERROR;
				CLANG_WARN_DOCUMENTATION_COMMENTS = YES;
				CLANG_WARN_EMPTY_BODY = YES;
				CLANG_WARN_ENUM_CONVERSION = YES;
				CLANG_WARN_INFINITE_RECURSION = YES;
				CLANG_WARN_INT_CONVERSION = YES;
				CLANG_WARN_NON_LITERAL_NULL_CONVERSION = YES;
				CLANG_WARN_OBJC_IMPLICIT_RETAIN_SELF = YES;
				CLANG_WARN_OBJC_LITERAL_CONVERSION = YES;
				CLANG_WARN_OBJC_ROOT_CLASS = YES_ERROR;
				CLANG_WARN_RANGE_LOOP_ANALYSIS = YES;
				CLANG_WARN_STRICT_PROTOTYPES = YES;
				CLANG_WARN_SUSPICIOUS_MOVE = YES;
				CLANG_WARN_UNGUARDED_AVAILABILITY = YES_AGGRESSIVE;
				CLANG_WARN_UNREACHABLE_CODE = YES;
				CLANG_WARN__DUPLICATE_METHOD_MATCH = YES;
				CODE_SIGN_IDENTITY = "iPhone Developer";
				COPY_PHASE_STRIP = NO;
				DEBUG_INFORMATION_FORMAT = dwarf;
				ENABLE_STRICT_OBJC_MSGSEND = YES;
				ENABLE_TESTABILITY = YES;
				GCC_C_LANGUAGE_STANDARD = gnu11;
				GCC_DYNAMIC_NO_PIC = NO;
				GCC_NO_COMMON_BLOCKS = YES;
				GCC_OPTIMIZATION_LEVEL = 0;
				GCC_PREPROCESSOR_DEFINITIONS = (
					"DEBUG=1",
					"$(inherited)",
				);
				GCC_WARN_64_TO_32_BIT_CONVERSION = YES;
				GCC_WARN_ABOUT_RETURN_TYPE = YES_ERROR;
				GCC_WARN_UNDECLARED_SELECTOR = YES;
				GCC_WARN_UNINITIALIZED_AUTOS = YES_AGGRESSIVE;
				GCC_WARN_UNUSED_FUNCTION = YES;
				GCC_WARN_UNUSED_VARIABLE = YES;
				IPHONEOS_DEPLOYMENT_TARGET = 11.4;
				MTL_ENABLE_DEBUG_INFO = YES;
				ONLY_ACTIVE_ARCH = YES;
				SDKROOT = iphoneos;
				SWIFT_ACTIVE_COMPILATION_CONDITIONS = DEBUG;
				SWIFT_OPTIMIZATION_LEVEL = "-Onone";
			};
			name = Debug;
		};
		17B5220320E53B4100968855 /* Release */ = {
			isa = XCBuildConfiguration;
			buildSettings = {
				ALWAYS_SEARCH_USER_PATHS = NO;
				CLANG_ANALYZER_NONNULL = YES;
				CLANG_ANALYZER_NUMBER_OBJECT_CONVERSION = YES_AGGRESSIVE;
				CLANG_CXX_LANGUAGE_STANDARD = "gnu++14";
				CLANG_CXX_LIBRARY = "libc++";
				CLANG_ENABLE_MODULES = YES;
				CLANG_ENABLE_OBJC_ARC = YES;
				CLANG_ENABLE_OBJC_WEAK = YES;
				CLANG_WARN_BLOCK_CAPTURE_AUTORELEASING = YES;
				CLANG_WARN_BOOL_CONVERSION = YES;
				CLANG_WARN_COMMA = YES;
				CLANG_WARN_CONSTANT_CONVERSION = YES;
				CLANG_WARN_DEPRECATED_OBJC_IMPLEMENTATIONS = YES;
				CLANG_WARN_DIRECT_OBJC_ISA_USAGE = YES_ERROR;
				CLANG_WARN_DOCUMENTATION_COMMENTS = YES;
				CLANG_WARN_EMPTY_BODY = YES;
				CLANG_WARN_ENUM_CONVERSION = YES;
				CLANG_WARN_INFINITE_RECURSION = YES;
				CLANG_WARN_INT_CONVERSION = YES;
				CLANG_WARN_NON_LITERAL_NULL_CONVERSION = YES;
				CLANG_WARN_OBJC_IMPLICIT_RETAIN_SELF = YES;
				CLANG_WARN_OBJC_LITERAL_CONVERSION = YES;
				CLANG_WARN_OBJC_ROOT_CLASS = YES_ERROR;
				CLANG_WARN_RANGE_LOOP_ANALYSIS = YES;
				CLANG_WARN_STRICT_PROTOTYPES = YES;
				CLANG_WARN_SUSPICIOUS_MOVE = YES;
				CLANG_WARN_UNGUARDED_AVAILABILITY = YES_AGGRESSIVE;
				CLANG_WARN_UNREACHABLE_CODE = YES;
				CLANG_WARN__DUPLICATE_METHOD_MATCH = YES;
				CODE_SIGN_IDENTITY = "iPhone Developer";
				COPY_PHASE_STRIP = NO;
				DEBUG_INFORMATION_FORMAT = "dwarf-with-dsym";
				ENABLE_NS_ASSERTIONS = NO;
				ENABLE_STRICT_OBJC_MSGSEND = YES;
				GCC_C_LANGUAGE_STANDARD = gnu11;
				GCC_NO_COMMON_BLOCKS = YES;
				GCC_WARN_64_TO_32_BIT_CONVERSION = YES;
				GCC_WARN_ABOUT_RETURN_TYPE = YES_ERROR;
				GCC_WARN_UNDECLARED_SELECTOR = YES;
				GCC_WARN_UNINITIALIZED_AUTOS = YES_AGGRESSIVE;
				GCC_WARN_UNUSED_FUNCTION = YES;
				GCC_WARN_UNUSED_VARIABLE = YES;
				IPHONEOS_DEPLOYMENT_TARGET = 11.4;
				MTL_ENABLE_DEBUG_INFO = NO;
				SDKROOT = iphoneos;
				SWIFT_COMPILATION_MODE = wholemodule;
				SWIFT_OPTIMIZATION_LEVEL = "-O";
				VALIDATE_PRODUCT = YES;
			};
			name = Release;
		};
		17B5220520E53B4100968855 /* Debug */ = {
			isa = XCBuildConfiguration;
			buildSettings = {
				ASSETCATALOG_COMPILER_APPICON_NAME = AppIcon;
				CODE_SIGN_STYLE = Automatic;
				DEVELOPMENT_TEAM = LG8SVVBJCM;
				INFOPLIST_FILE = foodmatch/Info.plist;
				LD_RUNPATH_SEARCH_PATHS = (
					"$(inherited)",
					"@executable_path/Frameworks",
				);
				PRODUCT_BUNDLE_IDENTIFIER = "Florian-B.foodmatch";
				PRODUCT_NAME = "$(TARGET_NAME)";
				SWIFT_VERSION = 4.0;
				TARGETED_DEVICE_FAMILY = 1;
			};
			name = Debug;
		};
		17B5220620E53B4100968855 /* Release */ = {
			isa = XCBuildConfiguration;
			buildSettings = {
				ASSETCATALOG_COMPILER_APPICON_NAME = AppIcon;
				CODE_SIGN_STYLE = Automatic;
				DEVELOPMENT_TEAM = LG8SVVBJCM;
				INFOPLIST_FILE = foodmatch/Info.plist;
				LD_RUNPATH_SEARCH_PATHS = (
					"$(inherited)",
					"@executable_path/Frameworks",
				);
				PRODUCT_BUNDLE_IDENTIFIER = "Florian-B.foodmatch";
				PRODUCT_NAME = "$(TARGET_NAME)";
				SWIFT_VERSION = 4.0;
				TARGETED_DEVICE_FAMILY = 1;
			};
			name = Release;
		};
/* End XCBuildConfiguration section */

/* Begin XCConfigurationList section */
		17B521ED20E53B3F00968855 /* Build configuration list for PBXProject "foodmatch" */ = {
			isa = XCConfigurationList;
			buildConfigurations = (
				17B5220220E53B4100968855 /* Debug */,
				17B5220320E53B4100968855 /* Release */,
			);
			defaultConfigurationIsVisible = 0;
			defaultConfigurationName = Release;
		};
		17B5220420E53B4100968855 /* Build configuration list for PBXNativeTarget "foodmatch" */ = {
			isa = XCConfigurationList;
			buildConfigurations = (
				17B5220520E53B4100968855 /* Debug */,
				17B5220620E53B4100968855 /* Release */,
			);
			defaultConfigurationIsVisible = 0;
			defaultConfigurationName = Release;
		};
/* End XCConfigurationList section */
	};
	rootObject = 17B521EA20E53B3F00968855 /* Project object */;
}
