// !$*UTF8*$!
{
	archiveVersion = 1;
	classes = {
	};
	objectVersion = 50;
	objects = {

/* Begin PBXBuildFile section */
		1766822520E1855700A3BE11 /* AppDelegate.swift in Sources */ = {isa = PBXBuildFile; fileRef = 1766822420E1855700A3BE11 /* AppDelegate.swift */; };
		1766822720E1855700A3BE11 /* ViewController.swift in Sources */ = {isa = PBXBuildFile; fileRef = 1766822620E1855700A3BE11 /* ViewController.swift */; };
		1766822A20E1855700A3BE11 /* Main.storyboard in Resources */ = {isa = PBXBuildFile; fileRef = 1766822820E1855700A3BE11 /* Main.storyboard */; };
		1766822C20E1855B00A3BE11 /* Assets.xcassets in Resources */ = {isa = PBXBuildFile; fileRef = 1766822B20E1855B00A3BE11 /* Assets.xcassets */; };
		1766822F20E1855B00A3BE11 /* LaunchScreen.storyboard in Resources */ = {isa = PBXBuildFile; fileRef = 1766822D20E1855B00A3BE11 /* LaunchScreen.storyboard */; };
		83EF64542991034A48055A6A /* Pods_trainingAlamofire.framework in Frameworks */ = {isa = PBXBuildFile; fileRef = A0499D026CAA8D4215FBA243 /* Pods_trainingAlamofire.framework */; settings = {ATTRIBUTES = (Required, ); }; };
/* End PBXBuildFile section */

/* Begin PBXFileReference section */
		1766822120E1855700A3BE11 /* trainingAlamofire.app */ = {isa = PBXFileReference; explicitFileType = wrapper.application; includeInIndex = 0; path = trainingAlamofire.app; sourceTree = BUILT_PRODUCTS_DIR; };
		1766822420E1855700A3BE11 /* AppDelegate.swift */ = {isa = PBXFileReference; lastKnownFileType = sourcecode.swift; path = AppDelegate.swift; sourceTree = "<group>"; };
		1766822620E1855700A3BE11 /* ViewController.swift */ = {isa = PBXFileReference; lastKnownFileType = sourcecode.swift; path = ViewController.swift; sourceTree = "<group>"; };
		1766822920E1855700A3BE11 /* Base */ = {isa = PBXFileReference; lastKnownFileType = file.storyboard; name = Base; path = Base.lproj/Main.storyboard; sourceTree = "<group>"; };
		1766822B20E1855B00A3BE11 /* Assets.xcassets */ = {isa = PBXFileReference; lastKnownFileType = folder.assetcatalog; path = Assets.xcassets; sourceTree = "<group>"; };
		1766822E20E1855B00A3BE11 /* Base */ = {isa = PBXFileReference; lastKnownFileType = file.storyboard; name = Base; path = Base.lproj/LaunchScreen.storyboard; sourceTree = "<group>"; };
		1766823020E1855B00A3BE11 /* Info.plist */ = {isa = PBXFileReference; lastKnownFileType = text.plist.xml; path = Info.plist; sourceTree = "<group>"; };
		46803CD35C3C387B36089195 /* Pods-trainingAlamofire.release.xcconfig */ = {isa = PBXFileReference; includeInIndex = 1; lastKnownFileType = text.xcconfig; name = "Pods-trainingAlamofire.release.xcconfig"; path = "Pods/Target Support Files/Pods-trainingAlamofire/Pods-trainingAlamofire.release.xcconfig"; sourceTree = "<group>"; };
		5CFDB7EA7B561774BA3DF5E5 /* Pods-trainingAlamofire.debug.xcconfig */ = {isa = PBXFileReference; includeInIndex = 1; lastKnownFileType = text.xcconfig; name = "Pods-trainingAlamofire.debug.xcconfig"; path = "Pods/Target Support Files/Pods-trainingAlamofire/Pods-trainingAlamofire.debug.xcconfig"; sourceTree = "<group>"; };
		A0499D026CAA8D4215FBA243 /* Pods_trainingAlamofire.framework */ = {isa = PBXFileReference; explicitFileType = wrapper.framework; includeInIndex = 0; path = Pods_trainingAlamofire.framework; sourceTree = BUILT_PRODUCTS_DIR; };
/* End PBXFileReference section */

/* Begin PBXFrameworksBuildPhase section */
		1766821E20E1855700A3BE11 /* Frameworks */ = {
			isa = PBXFrameworksBuildPhase;
			buildActionMask = 2147483647;
			files = (
				83EF64542991034A48055A6A /* Pods_trainingAlamofire.framework in Frameworks */,
			);
			runOnlyForDeploymentPostprocessing = 0;
		};
/* End PBXFrameworksBuildPhase section */

/* Begin PBXGroup section */
		1766821820E1855700A3BE11 = {
			isa = PBXGroup;
			children = (
				1766822320E1855700A3BE11 /* trainingAlamofire */,
				1766822220E1855700A3BE11 /* Products */,
				7C8F6F3BD08703C68C77ACD0 /* Pods */,
				A66A7306403D8B04D1ACCADB /* Frameworks */,
			);
			sourceTree = "<group>";
		};
		1766822220E1855700A3BE11 /* Products */ = {
			isa = PBXGroup;
			children = (
				1766822120E1855700A3BE11 /* trainingAlamofire.app */,
			);
			name = Products;
			sourceTree = "<group>";
		};
		1766822320E1855700A3BE11 /* trainingAlamofire */ = {
			isa = PBXGroup;
			children = (
				1766822420E1855700A3BE11 /* AppDelegate.swift */,
				1766822620E1855700A3BE11 /* ViewController.swift */,
				1766822820E1855700A3BE11 /* Main.storyboard */,
				1766822B20E1855B00A3BE11 /* Assets.xcassets */,
				1766822D20E1855B00A3BE11 /* LaunchScreen.storyboard */,
				1766823020E1855B00A3BE11 /* Info.plist */,
			);
			path = trainingAlamofire;
			sourceTree = "<group>";
		};
		7C8F6F3BD08703C68C77ACD0 /* Pods */ = {
			isa = PBXGroup;
			children = (
				5CFDB7EA7B561774BA3DF5E5 /* Pods-trainingAlamofire.debug.xcconfig */,
				46803CD35C3C387B36089195 /* Pods-trainingAlamofire.release.xcconfig */,
			);
			name = Pods;
			sourceTree = "<group>";
		};
		A66A7306403D8B04D1ACCADB /* Frameworks */ = {
			isa = PBXGroup;
			children = (
				A0499D026CAA8D4215FBA243 /* Pods_trainingAlamofire.framework */,
			);
			name = Frameworks;
			sourceTree = "<group>";
		};
/* End PBXGroup section */

/* Begin PBXNativeTarget section */
		1766822020E1855700A3BE11 /* trainingAlamofire */ = {
			isa = PBXNativeTarget;
			buildConfigurationList = 1766823320E1855B00A3BE11 /* Build configuration list for PBXNativeTarget "trainingAlamofire" */;
			buildPhases = (
				99DD4DFE706E67CBA70D0F38 /* [CP] Check Pods Manifest.lock */,
				1766821D20E1855700A3BE11 /* Sources */,
				1766821E20E1855700A3BE11 /* Frameworks */,
				1766821F20E1855700A3BE11 /* Resources */,
				7D9105D87FB2107F8EF710C7 /* [CP] Embed Pods Frameworks */,
			);
			buildRules = (
			);
			dependencies = (
			);
			name = trainingAlamofire;
			productName = trainingAlamofire;
			productReference = 1766822120E1855700A3BE11 /* trainingAlamofire.app */;
			productType = "com.apple.product-type.application";
		};
/* End PBXNativeTarget section */

/* Begin PBXProject section */
		1766821920E1855700A3BE11 /* Project object */ = {
			isa = PBXProject;
			attributes = {
				LastSwiftUpdateCheck = 0940;
				LastUpgradeCheck = 0940;
				ORGANIZATIONNAME = com.Florian;
				TargetAttributes = {
					1766822020E1855700A3BE11 = {
						CreatedOnToolsVersion = 9.4.1;
					};
				};
			};
			buildConfigurationList = 1766821C20E1855700A3BE11 /* Build configuration list for PBXProject "trainingAlamofire" */;
			compatibilityVersion = "Xcode 9.3";
			developmentRegion = en;
			hasScannedForEncodings = 0;
			knownRegions = (
				en,
				Base,
			);
			mainGroup = 1766821820E1855700A3BE11;
			productRefGroup = 1766822220E1855700A3BE11 /* Products */;
			projectDirPath = "";
			projectRoot = "";
			targets = (
				1766822020E1855700A3BE11 /* trainingAlamofire */,
			);
		};
/* End PBXProject section */

/* Begin PBXResourcesBuildPhase section */
		1766821F20E1855700A3BE11 /* Resources */ = {
			isa = PBXResourcesBuildPhase;
			buildActionMask = 2147483647;
			files = (
				1766822F20E1855B00A3BE11 /* LaunchScreen.storyboard in Resources */,
				1766822C20E1855B00A3BE11 /* Assets.xcassets in Resources */,
				1766822A20E1855700A3BE11 /* Main.storyboard in Resources */,
			);
			runOnlyForDeploymentPostprocessing = 0;
		};
/* End PBXResourcesBuildPhase section */

/* Begin PBXShellScriptBuildPhase section */
		7D9105D87FB2107F8EF710C7 /* [CP] Embed Pods Frameworks */ = {
			isa = PBXShellScriptBuildPhase;
			buildActionMask = 2147483647;
			files = (
			);
			inputPaths = (
				"${SRCROOT}/Pods/Target Support Files/Pods-trainingAlamofire/Pods-trainingAlamofire-frameworks.sh",
				"${BUILT_PRODUCTS_DIR}/Alamofire/Alamofire.framework",
				"${BUILT_PRODUCTS_DIR}/SwiftyJSON/SwiftyJSON.framework",
			);
			name = "[CP] Embed Pods Frameworks";
			outputPaths = (
				"${TARGET_BUILD_DIR}/${FRAMEWORKS_FOLDER_PATH}/Alamofire.framework",
				"${TARGET_BUILD_DIR}/${FRAMEWORKS_FOLDER_PATH}/SwiftyJSON.framework",
			);
			runOnlyForDeploymentPostprocessing = 0;
			shellPath = /bin/sh;
			shellScript = "\"${SRCROOT}/Pods/Target Support Files/Pods-trainingAlamofire/Pods-trainingAlamofire-frameworks.sh\"\n";
			showEnvVarsInLog = 0;
		};
		99DD4DFE706E67CBA70D0F38 /* [CP] Check Pods Manifest.lock */ = {
			isa = PBXShellScriptBuildPhase;
			buildActionMask = 2147483647;
			files = (
			);
			inputPaths = (
				"${PODS_PODFILE_DIR_PATH}/Podfile.lock",
				"${PODS_ROOT}/Manifest.lock",
			);
			name = "[CP] Check Pods Manifest.lock";
			outputPaths = (
				"$(DERIVED_FILE_DIR)/Pods-trainingAlamofire-checkManifestLockResult.txt",
			);
			runOnlyForDeploymentPostprocessing = 0;
			shellPath = /bin/sh;
			shellScript = "diff \"${PODS_PODFILE_DIR_PATH}/Podfile.lock\" \"${PODS_ROOT}/Manifest.lock\" > /dev/null\nif [ $? != 0 ] ; then\n    # print error to STDERR\n    echo \"error: The sandbox is not in sync with the Podfile.lock. Run 'pod install' or update your CocoaPods installation.\" >&2\n    exit 1\nfi\n# This output is used by Xcode 'outputs' to avoid re-running this script phase.\necho \"SUCCESS\" > \"${SCRIPT_OUTPUT_FILE_0}\"\n";
			showEnvVarsInLog = 0;
		};
/* End PBXShellScriptBuildPhase section */

/* Begin PBXSourcesBuildPhase section */
		1766821D20E1855700A3BE11 /* Sources */ = {
			isa = PBXSourcesBuildPhase;
			buildActionMask = 2147483647;
			files = (
				1766822720E1855700A3BE11 /* ViewController.swift in Sources */,
				1766822520E1855700A3BE11 /* AppDelegate.swift in Sources */,
			);
			runOnlyForDeploymentPostprocessing = 0;
		};
/* End PBXSourcesBuildPhase section */

/* Begin PBXVariantGroup section */
		1766822820E1855700A3BE11 /* Main.storyboard */ = {
			isa = PBXVariantGroup;
			children = (
				1766822920E1855700A3BE11 /* Base */,
			);
			name = Main.storyboard;
			sourceTree = "<group>";
		};
		1766822D20E1855B00A3BE11 /* LaunchScreen.storyboard */ = {
			isa = PBXVariantGroup;
			children = (
				1766822E20E1855B00A3BE11 /* Base */,
			);
			name = LaunchScreen.storyboard;
			sourceTree = "<group>";
		};
/* End PBXVariantGroup section */

/* Begin XCBuildConfiguration section */
		1766823120E1855B00A3BE11 /* Debug */ = {
			isa = XCBuildConfiguration;
			buildSettings = {
				ALWAYS_SEARCH_USER_PATHS = NO;
				CLANG_ANALYZER_NONNULL = YES;
				CLANG_ANALYZER_NUMBER_OBJECT_CONVERSION = YES_AGGRESSIVE;
				CLANG_CXX_LANGUAGE_STANDARD = "gnu++14";
				CLANG_CXX_LIBRARY = "libc++";
				CLANG_ENABLE_MODULES = YES;
				CLANG_ENABLE_OBJC_ARC = YES;
				CLANG_ENABLE_OBJC_WEAK = YES;
				CLANG_WARN_BLOCK_CAPTURE_AUTORELEASING = YES;
				CLANG_WARN_BOOL_CONVERSION = YES;
				CLANG_WARN_COMMA = YES;
				CLANG_WARN_CONSTANT_CONVERSION = YES;
				CLANG_WARN_DEPRECATED_OBJC_IMPLEMENTATIONS = YES;
				CLANG_WARN_DIRECT_OBJC_ISA_USAGE = YES_ERROR;
				CLANG_WARN_DOCUMENTATION_COMMENTS = YES;
				CLANG_WARN_EMPTY_BODY = YES;
				CLANG_WARN_ENUM_CONVERSION = YES;
				CLANG_WARN_INFINITE_RECURSION = YES;
				CLANG_WARN_INT_CONVERSION = YES;
				CLANG_WARN_NON_LITERAL_NULL_CONVERSION = YES;
				CLANG_WARN_OBJC_IMPLICIT_RETAIN_SELF = YES;
				CLANG_WARN_OBJC_LITERAL_CONVERSION = YES;
				CLANG_WARN_OBJC_ROOT_CLASS = YES_ERROR;
				CLANG_WARN_RANGE_LOOP_ANALYSIS = YES;
				CLANG_WARN_STRICT_PROTOTYPES = YES;
				CLANG_WARN_SUSPICIOUS_MOVE = YES;
				CLANG_WARN_UNGUARDED_AVAILABILITY = YES_AGGRESSIVE;
				CLANG_WARN_UNREACHABLE_CODE = YES;
				CLANG_WARN__DUPLICATE_METHOD_MATCH = YES;
				CODE_SIGN_IDENTITY = "iPhone Developer";
				COPY_PHASE_STRIP = NO;
				DEBUG_INFORMATION_FORMAT = dwarf;
				ENABLE_STRICT_OBJC_MSGSEND = YES;
				ENABLE_TESTABILITY = YES;
				GCC_C_LANGUAGE_STANDARD = gnu11;
				GCC_DYNAMIC_NO_PIC = NO;
				GCC_NO_COMMON_BLOCKS = YES;
				GCC_OPTIMIZATION_LEVEL = 0;
				GCC_PREPROCESSOR_DEFINITIONS = (
					"DEBUG=1",
					"$(inherited)",
				);
				GCC_WARN_64_TO_32_BIT_CONVERSION = YES;
				GCC_WARN_ABOUT_RETURN_TYPE = YES_ERROR;
				GCC_WARN_UNDECLARED_SELECTOR = YES;
				GCC_WARN_UNINITIALIZED_AUTOS = YES_AGGRESSIVE;
				GCC_WARN_UNUSED_FUNCTION = YES;
				GCC_WARN_UNUSED_VARIABLE = YES;
				IPHONEOS_DEPLOYMENT_TARGET = 11.4;
				MTL_ENABLE_DEBUG_INFO = YES;
				ONLY_ACTIVE_ARCH = YES;
				SDKROOT = iphoneos;
				SWIFT_ACTIVE_COMPILATION_CONDITIONS = DEBUG;
				SWIFT_OPTIMIZATION_LEVEL = "-Onone";
			};
			name = Debug;
		};
		1766823220E1855B00A3BE11 /* Release */ = {
			isa = XCBuildConfiguration;
			buildSettings = {
				ALWAYS_SEARCH_USER_PATHS = NO;
				CLANG_ANALYZER_NONNULL = YES;
				CLANG_ANALYZER_NUMBER_OBJECT_CONVERSION = YES_AGGRESSIVE;
				CLANG_CXX_LANGUAGE_STANDARD = "gnu++14";
				CLANG_CXX_LIBRARY = "libc++";
				CLANG_ENABLE_MODULES = YES;
				CLANG_ENABLE_OBJC_ARC = YES;
				CLANG_ENABLE_OBJC_WEAK = YES;
				CLANG_WARN_BLOCK_CAPTURE_AUTORELEASING = YES;
				CLANG_WARN_BOOL_CONVERSION = YES;
				CLANG_WARN_COMMA = YES;
				CLANG_WARN_CONSTANT_CONVERSION = YES;
				CLANG_WARN_DEPRECATED_OBJC_IMPLEMENTATIONS = YES;
				CLANG_WARN_DIRECT_OBJC_ISA_USAGE = YES_ERROR;
				CLANG_WARN_DOCUMENTATION_COMMENTS = YES;
				CLANG_WARN_EMPTY_BODY = YES;
				CLANG_WARN_ENUM_CONVERSION = YES;
				CLANG_WARN_INFINITE_RECURSION = YES;
				CLANG_WARN_INT_CONVERSION = YES;
				CLANG_WARN_NON_LITERAL_NULL_CONVERSION = YES;
				CLANG_WARN_OBJC_IMPLICIT_RETAIN_SELF = YES;
				CLANG_WARN_OBJC_LITERAL_CONVERSION = YES;
				CLANG_WARN_OBJC_ROOT_CLASS = YES_ERROR;
				CLANG_WARN_RANGE_LOOP_ANALYSIS = YES;
				CLANG_WARN_STRICT_PROTOTYPES = YES;
				CLANG_WARN_SUSPICIOUS_MOVE = YES;
				CLANG_WARN_UNGUARDED_AVAILABILITY = YES_AGGRESSIVE;
				CLANG_WARN_UNREACHABLE_CODE = YES;
				CLANG_WARN__DUPLICATE_METHOD_MATCH = YES;
				CODE_SIGN_IDENTITY = "iPhone Developer";
				COPY_PHASE_STRIP = NO;
				DEBUG_INFORMATION_FORMAT = "dwarf-with-dsym";
				ENABLE_NS_ASSERTIONS = NO;
				ENABLE_STRICT_OBJC_MSGSEND = YES;
				GCC_C_LANGUAGE_STANDARD = gnu11;
				GCC_NO_COMMON_BLOCKS = YES;
				GCC_WARN_64_TO_32_BIT_CONVERSION = YES;
				GCC_WARN_ABOUT_RETURN_TYPE = YES_ERROR;
				GCC_WARN_UNDECLARED_SELECTOR = YES;
				GCC_WARN_UNINITIALIZED_AUTOS = YES_AGGRESSIVE;
				GCC_WARN_UNUSED_FUNCTION = YES;
				GCC_WARN_UNUSED_VARIABLE = YES;
				IPHONEOS_DEPLOYMENT_TARGET = 11.4;
				MTL_ENABLE_DEBUG_INFO = NO;
				SDKROOT = iphoneos;
				SWIFT_COMPILATION_MODE = wholemodule;
				SWIFT_OPTIMIZATION_LEVEL = "-O";
				VALIDATE_PRODUCT = YES;
			};
			name = Release;
		};
		1766823420E1855B00A3BE11 /* Debug */ = {
			isa = XCBuildConfiguration;
			baseConfigurationReference = 5CFDB7EA7B561774BA3DF5E5 /* Pods-trainingAlamofire.debug.xcconfig */;
			buildSettings = {
				ASSETCATALOG_COMPILER_APPICON_NAME = AppIcon;
				CODE_SIGN_STYLE = Automatic;
				DEVELOPMENT_TEAM = LG8SVVBJCM;
				INFOPLIST_FILE = trainingAlamofire/Info.plist;
				LD_RUNPATH_SEARCH_PATHS = (
					"$(inherited)",
					"@executable_path/Frameworks",
				);
				PRODUCT_BUNDLE_IDENTIFIER = "Florian-B.trainingAlamofire";
				PRODUCT_NAME = "$(TARGET_NAME)";
				SWIFT_VERSION = 4.0;
				TARGETED_DEVICE_FAMILY = 1;
			};
			name = Debug;
		};
		1766823520E1855B00A3BE11 /* Release */ = {
			isa = XCBuildConfiguration;
			baseConfigurationReference = 46803CD35C3C387B36089195 /* Pods-trainingAlamofire.release.xcconfig */;
			buildSettings = {
				ASSETCATALOG_COMPILER_APPICON_NAME = AppIcon;
				CODE_SIGN_STYLE = Automatic;
				DEVELOPMENT_TEAM = LG8SVVBJCM;
				INFOPLIST_FILE = trainingAlamofire/Info.plist;
				LD_RUNPATH_SEARCH_PATHS = (
					"$(inherited)",
					"@executable_path/Frameworks",
				);
				PRODUCT_BUNDLE_IDENTIFIER = "Florian-B.trainingAlamofire";
				PRODUCT_NAME = "$(TARGET_NAME)";
				SWIFT_VERSION = 4.0;
				TARGETED_DEVICE_FAMILY = 1;
			};
			name = Release;
		};
/* End XCBuildConfiguration section */

/* Begin XCConfigurationList section */
		1766821C20E1855700A3BE11 /* Build configuration list for PBXProject "trainingAlamofire" */ = {
			isa = XCConfigurationList;
			buildConfigurations = (
				1766823120E1855B00A3BE11 /* Debug */,
				1766823220E1855B00A3BE11 /* Release */,
			);
			defaultConfigurationIsVisible = 0;
			defaultConfigurationName = Release;
		};
		1766823320E1855B00A3BE11 /* Build configuration list for PBXNativeTarget "trainingAlamofire" */ = {
			isa = XCConfigurationList;
			buildConfigurations = (
				1766823420E1855B00A3BE11 /* Debug */,
				1766823520E1855B00A3BE11 /* Release */,
			);
			defaultConfigurationIsVisible = 0;
			defaultConfigurationName = Release;
		};
/* End XCConfigurationList section */
	};
	rootObject = 1766821920E1855700A3BE11 /* Project object */;
}
